// !$*UTF8*$!
{
	archiveVersion = 1;
	classes = {
	};
	objectVersion = 56;
	objects = {

/* Begin PBXBuildFile section */
		883F54BE2BC78CF5006D7FFA /* LRUImage.swift in Sources */ = {isa = PBXBuildFile; fileRef = 883F54BD2BC78CF5006D7FFA /* LRUImage.swift */; };
		888BBB862BCB149600CF3DE3 /* URLNormalizer.swift in Sources */ = {isa = PBXBuildFile; fileRef = 888BBB852BCB149600CF3DE3 /* URLNormalizer.swift */; };
		88C489EA2BC1B84800A38542 /* ImageURLApp.swift in Sources */ = {isa = PBXBuildFile; fileRef = 88C489E92BC1B84800A38542 /* ImageURLApp.swift */; };
		88C489EC2BC1B84800A38542 /* ContentView.swift in Sources */ = {isa = PBXBuildFile; fileRef = 88C489EB2BC1B84800A38542 /* ContentView.swift */; };
		88C489EE2BC1B84900A38542 /* Assets.xcassets in Resources */ = {isa = PBXBuildFile; fileRef = 88C489ED2BC1B84900A38542 /* Assets.xcassets */; };
		88C489F12BC1B84900A38542 /* Preview Assets.xcassets in Resources */ = {isa = PBXBuildFile; fileRef = 88C489F02BC1B84900A38542 /* Preview Assets.xcassets */; };
		88C489FB2BC1B84900A38542 /* ImageURLTests.swift in Sources */ = {isa = PBXBuildFile; fileRef = 88C489FA2BC1B84900A38542 /* ImageURLTests.swift */; };
		88C48A052BC1B84900A38542 /* ImageURLUITests.swift in Sources */ = {isa = PBXBuildFile; fileRef = 88C48A042BC1B84900A38542 /* ImageURLUITests.swift */; };
		88C48A072BC1B84900A38542 /* ImageURLUITestsLaunchTests.swift in Sources */ = {isa = PBXBuildFile; fileRef = 88C48A062BC1B84900A38542 /* ImageURLUITestsLaunchTests.swift */; };
		88C48A142BC1B8EB00A38542 /* LRU.swift in Sources */ = {isa = PBXBuildFile; fileRef = 88C48A132BC1B8EB00A38542 /* LRU.swift */; };
		88C48A162BC1C27B00A38542 /* ImageDL.swift in Sources */ = {isa = PBXBuildFile; fileRef = 88C48A152BC1C27B00A38542 /* ImageDL.swift */; };
		88C48A182BC1CC6400A38542 /* RAWDATA.swift in Sources */ = {isa = PBXBuildFile; fileRef = 88C48A172BC1CC6400A38542 /* RAWDATA.swift */; };
		88E322932BD0CB4200455A05 /* LRUMetrics.swift in Sources */ = {isa = PBXBuildFile; fileRef = 88E322922BD0CB4200455A05 /* LRUMetrics.swift */; };
/* End PBXBuildFile section */

/* Begin PBXContainerItemProxy section */
		88C489F72BC1B84900A38542 /* PBXContainerItemProxy */ = {
			isa = PBXContainerItemProxy;
			containerPortal = 88C489DE2BC1B84800A38542 /* Project object */;
			proxyType = 1;
			remoteGlobalIDString = 88C489E52BC1B84800A38542;
			remoteInfo = ImageURL;
		};
		88C48A012BC1B84900A38542 /* PBXContainerItemProxy */ = {
			isa = PBXContainerItemProxy;
			containerPortal = 88C489DE2BC1B84800A38542 /* Project object */;
			proxyType = 1;
			remoteGlobalIDString = 88C489E52BC1B84800A38542;
			remoteInfo = ImageURL;
		};
/* End PBXContainerItemProxy section */

/* Begin PBXFileReference section */
		883F54BD2BC78CF5006D7FFA /* LRUImage.swift */ = {isa = PBXFileReference; lastKnownFileType = sourcecode.swift; path = LRUImage.swift; sourceTree = "<group>"; };
		888BBB852BCB149600CF3DE3 /* URLNormalizer.swift */ = {isa = PBXFileReference; lastKnownFileType = sourcecode.swift; path = URLNormalizer.swift; sourceTree = "<group>"; };
		88C489E62BC1B84800A38542 /* ImageURL.app */ = {isa = PBXFileReference; explicitFileType = wrapper.application; includeInIndex = 0; path = ImageURL.app; sourceTree = BUILT_PRODUCTS_DIR; };
		88C489E92BC1B84800A38542 /* ImageURLApp.swift */ = {isa = PBXFileReference; lastKnownFileType = sourcecode.swift; path = ImageURLApp.swift; sourceTree = "<group>"; };
		88C489EB2BC1B84800A38542 /* ContentView.swift */ = {isa = PBXFileReference; lastKnownFileType = sourcecode.swift; path = ContentView.swift; sourceTree = "<group>"; };
		88C489ED2BC1B84900A38542 /* Assets.xcassets */ = {isa = PBXFileReference; lastKnownFileType = folder.assetcatalog; path = Assets.xcassets; sourceTree = "<group>"; };
		88C489F02BC1B84900A38542 /* Preview Assets.xcassets */ = {isa = PBXFileReference; lastKnownFileType = folder.assetcatalog; path = "Preview Assets.xcassets"; sourceTree = "<group>"; };
		88C489F62BC1B84900A38542 /* ImageURLTests.xctest */ = {isa = PBXFileReference; explicitFileType = wrapper.cfbundle; includeInIndex = 0; path = ImageURLTests.xctest; sourceTree = BUILT_PRODUCTS_DIR; };
		88C489FA2BC1B84900A38542 /* ImageURLTests.swift */ = {isa = PBXFileReference; lastKnownFileType = sourcecode.swift; path = ImageURLTests.swift; sourceTree = "<group>"; };
		88C48A002BC1B84900A38542 /* ImageURLUITests.xctest */ = {isa = PBXFileReference; explicitFileType = wrapper.cfbundle; includeInIndex = 0; path = ImageURLUITests.xctest; sourceTree = BUILT_PRODUCTS_DIR; };
		88C48A042BC1B84900A38542 /* ImageURLUITests.swift */ = {isa = PBXFileReference; lastKnownFileType = sourcecode.swift; path = ImageURLUITests.swift; sourceTree = "<group>"; };
		88C48A062BC1B84900A38542 /* ImageURLUITestsLaunchTests.swift */ = {isa = PBXFileReference; lastKnownFileType = sourcecode.swift; path = ImageURLUITestsLaunchTests.swift; sourceTree = "<group>"; };
		88C48A132BC1B8EB00A38542 /* LRU.swift */ = {isa = PBXFileReference; lastKnownFileType = sourcecode.swift; path = LRU.swift; sourceTree = "<group>"; };
		88C48A152BC1C27B00A38542 /* ImageDL.swift */ = {isa = PBXFileReference; lastKnownFileType = sourcecode.swift; path = ImageDL.swift; sourceTree = "<group>"; };
		88C48A172BC1CC6400A38542 /* RAWDATA.swift */ = {isa = PBXFileReference; lastKnownFileType = sourcecode.swift; path = RAWDATA.swift; sourceTree = "<group>"; };
		88E322922BD0CB4200455A05 /* LRUMetrics.swift */ = {isa = PBXFileReference; lastKnownFileType = sourcecode.swift; path = LRUMetrics.swift; sourceTree = "<group>"; };
/* End PBXFileReference section */

/* Begin PBXFrameworksBuildPhase section */
		88C489E32BC1B84800A38542 /* Frameworks */ = {
			isa = PBXFrameworksBuildPhase;
			buildActionMask = 2147483647;
			files = (
			);
			runOnlyForDeploymentPostprocessing = 0;
		};
		88C489F32BC1B84900A38542 /* Frameworks */ = {
			isa = PBXFrameworksBuildPhase;
			buildActionMask = 2147483647;
			files = (
			);
			runOnlyForDeploymentPostprocessing = 0;
		};
		88C489FD2BC1B84900A38542 /* Frameworks */ = {
			isa = PBXFrameworksBuildPhase;
			buildActionMask = 2147483647;
			files = (
			);
			runOnlyForDeploymentPostprocessing = 0;
		};
/* End PBXFrameworksBuildPhase section */

/* Begin PBXGroup section */
		88C489DD2BC1B84800A38542 = {
			isa = PBXGroup;
			children = (
				88C489E82BC1B84800A38542 /* ImageURL */,
				88C489F92BC1B84900A38542 /* ImageURLTests */,
				88C48A032BC1B84900A38542 /* ImageURLUITests */,
				88C489E72BC1B84800A38542 /* Products */,
			);
			sourceTree = "<group>";
		};
		88C489E72BC1B84800A38542 /* Products */ = {
			isa = PBXGroup;
			children = (
				88C489E62BC1B84800A38542 /* ImageURL.app */,
				88C489F62BC1B84900A38542 /* ImageURLTests.xctest */,
				88C48A002BC1B84900A38542 /* ImageURLUITests.xctest */,
			);
			name = Products;
			sourceTree = "<group>";
		};
		88C489E82BC1B84800A38542 /* ImageURL */ = {
			isa = PBXGroup;
			children = (
				88C48A132BC1B8EB00A38542 /* LRU.swift */,
				88C489E92BC1B84800A38542 /* ImageURLApp.swift */,
				88C489EB2BC1B84800A38542 /* ContentView.swift */,
				88C489ED2BC1B84900A38542 /* Assets.xcassets */,
				88C489EF2BC1B84900A38542 /* Preview Content */,
				88C48A152BC1C27B00A38542 /* ImageDL.swift */,
				88C48A172BC1CC6400A38542 /* RAWDATA.swift */,
				883F54BD2BC78CF5006D7FFA /* LRUImage.swift */,
				888BBB852BCB149600CF3DE3 /* URLNormalizer.swift */,
				88E322922BD0CB4200455A05 /* LRUMetrics.swift */,
			);
			path = ImageURL;
			sourceTree = "<group>";
		};
		88C489EF2BC1B84900A38542 /* Preview Content */ = {
			isa = PBXGroup;
			children = (
				88C489F02BC1B84900A38542 /* Preview Assets.xcassets */,
			);
			path = "Preview Content";
			sourceTree = "<group>";
		};
		88C489F92BC1B84900A38542 /* ImageURLTests */ = {
			isa = PBXGroup;
			children = (
				88C489FA2BC1B84900A38542 /* ImageURLTests.swift */,
			);
			path = ImageURLTests;
			sourceTree = "<group>";
		};
		88C48A032BC1B84900A38542 /* ImageURLUITests */ = {
			isa = PBXGroup;
			children = (
				88C48A042BC1B84900A38542 /* ImageURLUITests.swift */,
				88C48A062BC1B84900A38542 /* ImageURLUITestsLaunchTests.swift */,
			);
			path = ImageURLUITests;
			sourceTree = "<group>";
		};
/* End PBXGroup section */

/* Begin PBXNativeTarget section */
		88C489E52BC1B84800A38542 /* ImageURL */ = {
			isa = PBXNativeTarget;
			buildConfigurationList = 88C48A0A2BC1B84900A38542 /* Build configuration list for PBXNativeTarget "ImageURL" */;
			buildPhases = (
				88C489E22BC1B84800A38542 /* Sources */,
				88C489E32BC1B84800A38542 /* Frameworks */,
				88C489E42BC1B84800A38542 /* Resources */,
			);
			buildRules = (
			);
			dependencies = (
			);
			name = ImageURL;
			productName = ImageURL;
			productReference = 88C489E62BC1B84800A38542 /* ImageURL.app */;
			productType = "com.apple.product-type.application";
		};
		88C489F52BC1B84900A38542 /* ImageURLTests */ = {
			isa = PBXNativeTarget;
			buildConfigurationList = 88C48A0D2BC1B84900A38542 /* Build configuration list for PBXNativeTarget "ImageURLTests" */;
			buildPhases = (
				88C489F22BC1B84900A38542 /* Sources */,
				88C489F32BC1B84900A38542 /* Frameworks */,
				88C489F42BC1B84900A38542 /* Resources */,
			);
			buildRules = (
			);
			dependencies = (
				88C489F82BC1B84900A38542 /* PBXTargetDependency */,
			);
			name = ImageURLTests;
			productName = ImageURLTests;
			productReference = 88C489F62BC1B84900A38542 /* ImageURLTests.xctest */;
			productType = "com.apple.product-type.bundle.unit-test";
		};
		88C489FF2BC1B84900A38542 /* ImageURLUITests */ = {
			isa = PBXNativeTarget;
			buildConfigurationList = 88C48A102BC1B84900A38542 /* Build configuration list for PBXNativeTarget "ImageURLUITests" */;
			buildPhases = (
				88C489FC2BC1B84900A38542 /* Sources */,
				88C489FD2BC1B84900A38542 /* Frameworks */,
				88C489FE2BC1B84900A38542 /* Resources */,
			);
			buildRules = (
			);
			dependencies = (
				88C48A022BC1B84900A38542 /* PBXTargetDependency */,
			);
			name = ImageURLUITests;
			productName = ImageURLUITests;
			productReference = 88C48A002BC1B84900A38542 /* ImageURLUITests.xctest */;
			productType = "com.apple.product-type.bundle.ui-testing";
		};
/* End PBXNativeTarget section */

/* Begin PBXProject section */
		88C489DE2BC1B84800A38542 /* Project object */ = {
			isa = PBXProject;
			attributes = {
				BuildIndependentTargetsInParallel = 1;
				LastSwiftUpdateCheck = 1500;
				LastUpgradeCheck = 1500;
				TargetAttributes = {
					88C489E52BC1B84800A38542 = {
						CreatedOnToolsVersion = 15.0.1;
					};
					88C489F52BC1B84900A38542 = {
						CreatedOnToolsVersion = 15.0.1;
						TestTargetID = 88C489E52BC1B84800A38542;
					};
					88C489FF2BC1B84900A38542 = {
						CreatedOnToolsVersion = 15.0.1;
						TestTargetID = 88C489E52BC1B84800A38542;
					};
				};
			};
			buildConfigurationList = 88C489E12BC1B84800A38542 /* Build configuration list for PBXProject "ImageURL" */;
			compatibilityVersion = "Xcode 14.0";
			developmentRegion = en;
			hasScannedForEncodings = 0;
			knownRegions = (
				en,
				Base,
			);
			mainGroup = 88C489DD2BC1B84800A38542;
			productRefGroup = 88C489E72BC1B84800A38542 /* Products */;
			projectDirPath = "";
			projectRoot = "";
			targets = (
				88C489E52BC1B84800A38542 /* ImageURL */,
				88C489F52BC1B84900A38542 /* ImageURLTests */,
				88C489FF2BC1B84900A38542 /* ImageURLUITests */,
			);
		};
/* End PBXProject section */

/* Begin PBXResourcesBuildPhase section */
		88C489E42BC1B84800A38542 /* Resources */ = {
			isa = PBXResourcesBuildPhase;
			buildActionMask = 2147483647;
			files = (
				88C489F12BC1B84900A38542 /* Preview Assets.xcassets in Resources */,
				88C489EE2BC1B84900A38542 /* Assets.xcassets in Resources */,
			);
			runOnlyForDeploymentPostprocessing = 0;
		};
		88C489F42BC1B84900A38542 /* Resources */ = {
			isa = PBXResourcesBuildPhase;
			buildActionMask = 2147483647;
			files = (
			);
			runOnlyForDeploymentPostprocessing = 0;
		};
		88C489FE2BC1B84900A38542 /* Resources */ = {
			isa = PBXResourcesBuildPhase;
			buildActionMask = 2147483647;
			files = (
			);
			runOnlyForDeploymentPostprocessing = 0;
		};
/* End PBXResourcesBuildPhase section */

/* Begin PBXSourcesBuildPhase section */
		88C489E22BC1B84800A38542 /* Sources */ = {
			isa = PBXSourcesBuildPhase;
			buildActionMask = 2147483647;
			files = (
				88C48A142BC1B8EB00A38542 /* LRU.swift in Sources */,
				88C489EC2BC1B84800A38542 /* ContentView.swift in Sources */,
				88C48A182BC1CC6400A38542 /* RAWDATA.swift in Sources */,
				883F54BE2BC78CF5006D7FFA /* LRUImage.swift in Sources */,
				88C489EA2BC1B84800A38542 /* ImageURLApp.swift in Sources */,
				88E322932BD0CB4200455A05 /* LRUMetrics.swift in Sources */,
				888BBB862BCB149600CF3DE3 /* URLNormalizer.swift in Sources */,
				88C48A162BC1C27B00A38542 /* ImageDL.swift in Sources */,
			);
			runOnlyForDeploymentPostprocessing = 0;
		};
		88C489F22BC1B84900A38542 /* Sources */ = {
			isa = PBXSourcesBuildPhase;
			buildActionMask = 2147483647;
			files = (
				88C489FB2BC1B84900A38542 /* ImageURLTests.swift in Sources */,
			);
			runOnlyForDeploymentPostprocessing = 0;
		};
		88C489FC2BC1B84900A38542 /* Sources */ = {
			isa = PBXSourcesBuildPhase;
			buildActionMask = 2147483647;
			files = (
				88C48A072BC1B84900A38542 /* ImageURLUITestsLaunchTests.swift in Sources */,
				88C48A052BC1B84900A38542 /* ImageURLUITests.swift in Sources */,
			);
			runOnlyForDeploymentPostprocessing = 0;
		};
/* End PBXSourcesBuildPhase section */

/* Begin PBXTargetDependency section */
		88C489F82BC1B84900A38542 /* PBXTargetDependency */ = {
			isa = PBXTargetDependency;
			target = 88C489E52BC1B84800A38542 /* ImageURL */;
			targetProxy = 88C489F72BC1B84900A38542 /* PBXContainerItemProxy */;
		};
		88C48A022BC1B84900A38542 /* PBXTargetDependency */ = {
			isa = PBXTargetDependency;
			target = 88C489E52BC1B84800A38542 /* ImageURL */;
			targetProxy = 88C48A012BC1B84900A38542 /* PBXContainerItemProxy */;
		};
/* End PBXTargetDependency section */

/* Begin XCBuildConfiguration section */
		88C48A082BC1B84900A38542 /* Debug */ = {
			isa = XCBuildConfiguration;
			buildSettings = {
				ALWAYS_SEARCH_USER_PATHS = NO;
				ASSETCATALOG_COMPILER_GENERATE_SWIFT_ASSET_SYMBOL_EXTENSIONS = YES;
				CLANG_ANALYZER_NONNULL = YES;
				CLANG_ANALYZER_NUMBER_OBJECT_CONVERSION = YES_AGGRESSIVE;
				CLANG_CXX_LANGUAGE_STANDARD = "gnu++20";
				CLANG_ENABLE_MODULES = YES;
				CLANG_ENABLE_OBJC_ARC = YES;
				CLANG_ENABLE_OBJC_WEAK = YES;
				CLANG_WARN_BLOCK_CAPTURE_AUTORELEASING = YES;
				CLANG_WARN_BOOL_CONVERSION = YES;
				CLANG_WARN_COMMA = YES;
				CLANG_WARN_CONSTANT_CONVERSION = YES;
				CLANG_WARN_DEPRECATED_OBJC_IMPLEMENTATIONS = YES;
				CLANG_WARN_DIRECT_OBJC_ISA_USAGE = YES_ERROR;
				CLANG_WARN_DOCUMENTATION_COMMENTS = YES;
				CLANG_WARN_EMPTY_BODY = YES;
				CLANG_WARN_ENUM_CONVERSION = YES;
				CLANG_WARN_INFINITE_RECURSION = YES;
				CLANG_WARN_INT_CONVERSION = YES;
				CLANG_WARN_NON_LITERAL_NULL_CONVERSION = YES;
				CLANG_WARN_OBJC_IMPLICIT_RETAIN_SELF = YES;
				CLANG_WARN_OBJC_LITERAL_CONVERSION = YES;
				CLANG_WARN_OBJC_ROOT_CLASS = YES_ERROR;
				CLANG_WARN_QUOTED_INCLUDE_IN_FRAMEWORK_HEADER = YES;
				CLANG_WARN_RANGE_LOOP_ANALYSIS = YES;
				CLANG_WARN_STRICT_PROTOTYPES = YES;
				CLANG_WARN_SUSPICIOUS_MOVE = YES;
				CLANG_WARN_UNGUARDED_AVAILABILITY = YES_AGGRESSIVE;
				CLANG_WARN_UNREACHABLE_CODE = YES;
				CLANG_WARN__DUPLICATE_METHOD_MATCH = YES;
				COPY_PHASE_STRIP = NO;
				DEBUG_INFORMATION_FORMAT = dwarf;
				ENABLE_STRICT_OBJC_MSGSEND = YES;
				ENABLE_TESTABILITY = YES;
				ENABLE_USER_SCRIPT_SANDBOXING = YES;
				GCC_C_LANGUAGE_STANDARD = gnu17;
				GCC_DYNAMIC_NO_PIC = NO;
				GCC_NO_COMMON_BLOCKS = YES;
				GCC_OPTIMIZATION_LEVEL = 0;
				GCC_PREPROCESSOR_DEFINITIONS = (
					"DEBUG=1",
					"$(inherited)",
				);
				GCC_WARN_64_TO_32_BIT_CONVERSION = YES;
				GCC_WARN_ABOUT_RETURN_TYPE = YES_ERROR;
				GCC_WARN_UNDECLARED_SELECTOR = YES;
				GCC_WARN_UNINITIALIZED_AUTOS = YES_AGGRESSIVE;
				GCC_WARN_UNUSED_FUNCTION = YES;
				GCC_WARN_UNUSED_VARIABLE = YES;
				IPHONEOS_DEPLOYMENT_TARGET = 17.0;
				LOCALIZATION_PREFERS_STRING_CATALOGS = YES;
				MTL_ENABLE_DEBUG_INFO = INCLUDE_SOURCE;
				MTL_FAST_MATH = YES;
				ONLY_ACTIVE_ARCH = YES;
				SDKROOT = iphoneos;
				SWIFT_ACTIVE_COMPILATION_CONDITIONS = "DEBUG $(inherited)";
				SWIFT_OPTIMIZATION_LEVEL = "-Onone";
			};
			name = Debug;
		};
		88C48A092BC1B84900A38542 /* Release */ = {
			isa = XCBuildConfiguration;
			buildSettings = {
				ALWAYS_SEARCH_USER_PATHS = NO;
				ASSETCATALOG_COMPILER_GENERATE_SWIFT_ASSET_SYMBOL_EXTENSIONS = YES;
				CLANG_ANALYZER_NONNULL = YES;
				CLANG_ANALYZER_NUMBER_OBJECT_CONVERSION = YES_AGGRESSIVE;
				CLANG_CXX_LANGUAGE_STANDARD = "gnu++20";
				CLANG_ENABLE_MODULES = YES;
				CLANG_ENABLE_OBJC_ARC = YES;
				CLANG_ENABLE_OBJC_WEAK = YES;
				CLANG_WARN_BLOCK_CAPTURE_AUTORELEASING = YES;
				CLANG_WARN_BOOL_CONVERSION = YES;
				CLANG_WARN_COMMA = YES;
				CLANG_WARN_CONSTANT_CONVERSION = YES;
				CLANG_WARN_DEPRECATED_OBJC_IMPLEMENTATIONS = YES;
				CLANG_WARN_DIRECT_OBJC_ISA_USAGE = YES_ERROR;
				CLANG_WARN_DOCUMENTATION_COMMENTS = YES;
				CLANG_WARN_EMPTY_BODY = YES;
				CLANG_WARN_ENUM_CONVERSION = YES;
				CLANG_WARN_INFINITE_RECURSION = YES;
				CLANG_WARN_INT_CONVERSION = YES;
				CLANG_WARN_NON_LITERAL_NULL_CONVERSION = YES;
				CLANG_WARN_OBJC_IMPLICIT_RETAIN_SELF = YES;
				CLANG_WARN_OBJC_LITERAL_CONVERSION = YES;
				CLANG_WARN_OBJC_ROOT_CLASS = YES_ERROR;
				CLANG_WARN_QUOTED_INCLUDE_IN_FRAMEWORK_HEADER = YES;
				CLANG_WARN_RANGE_LOOP_ANALYSIS = YES;
				CLANG_WARN_STRICT_PROTOTYPES = YES;
				CLANG_WARN_SUSPICIOUS_MOVE = YES;
				CLANG_WARN_UNGUARDED_AVAILABILITY = YES_AGGRESSIVE;
				CLANG_WARN_UNREACHABLE_CODE = YES;
				CLANG_WARN__DUPLICATE_METHOD_MATCH = YES;
				COPY_PHASE_STRIP = NO;
				DEBUG_INFORMATION_FORMAT = "dwarf-with-dsym";
				ENABLE_NS_ASSERTIONS = NO;
				ENABLE_STRICT_OBJC_MSGSEND = YES;
				ENABLE_USER_SCRIPT_SANDBOXING = YES;
				GCC_C_LANGUAGE_STANDARD = gnu17;
				GCC_NO_COMMON_BLOCKS = YES;
				GCC_WARN_64_TO_32_BIT_CONVERSION = YES;
				GCC_WARN_ABOUT_RETURN_TYPE = YES_ERROR;
				GCC_WARN_UNDECLARED_SELECTOR = YES;
				GCC_WARN_UNINITIALIZED_AUTOS = YES_AGGRESSIVE;
				GCC_WARN_UNUSED_FUNCTION = YES;
				GCC_WARN_UNUSED_VARIABLE = YES;
				IPHONEOS_DEPLOYMENT_TARGET = 17.0;
				LOCALIZATION_PREFERS_STRING_CATALOGS = YES;
				MTL_ENABLE_DEBUG_INFO = NO;
				MTL_FAST_MATH = YES;
				SDKROOT = iphoneos;
				SWIFT_COMPILATION_MODE = wholemodule;
				VALIDATE_PRODUCT = YES;
			};
			name = Release;
		};
		88C48A0B2BC1B84900A38542 /* Debug */ = {
			isa = XCBuildConfiguration;
			buildSettings = {
				ASSETCATALOG_COMPILER_APPICON_NAME = AppIcon;
				ASSETCATALOG_COMPILER_GLOBAL_ACCENT_COLOR_NAME = AccentColor;
				CODE_SIGN_STYLE = Automatic;
				CURRENT_PROJECT_VERSION = 1;
				DEVELOPMENT_ASSET_PATHS = "\"ImageURL/Preview Content\"";
				DEVELOPMENT_TEAM = YHL6YP9PRW;
				ENABLE_PREVIEWS = YES;
				GENERATE_INFOPLIST_FILE = YES;
				INFOPLIST_KEY_UIApplicationSceneManifest_Generation = YES;
				INFOPLIST_KEY_UIApplicationSupportsIndirectInputEvents = YES;
				INFOPLIST_KEY_UILaunchScreen_Generation = YES;
				INFOPLIST_KEY_UISupportedInterfaceOrientations_iPad = "UIInterfaceOrientationPortrait UIInterfaceOrientationPortraitUpsideDown UIInterfaceOrientationLandscapeLeft UIInterfaceOrientationLandscapeRight";
				INFOPLIST_KEY_UISupportedInterfaceOrientations_iPhone = "UIInterfaceOrientationPortrait UIInterfaceOrientationLandscapeLeft UIInterfaceOrientationLandscapeRight";
				LD_RUNPATH_SEARCH_PATHS = (
					"$(inherited)",
					"@executable_path/Frameworks",
				);
				MARKETING_VERSION = 1.0;
				PRODUCT_BUNDLE_IDENTIFIER = com.fetch.takeaway.ImageURL;
				PRODUCT_NAME = "$(TARGET_NAME)";
				SWIFT_EMIT_LOC_STRINGS = YES;
				SWIFT_VERSION = 5.0;
				TARGETED_DEVICE_FAMILY = "1,2";
			};
			name = Debug;
		};
		88C48A0C2BC1B84900A38542 /* Release */ = {
			isa = XCBuildConfiguration;
			buildSettings = {
				ASSETCATALOG_COMPILER_APPICON_NAME = AppIcon;
				ASSETCATALOG_COMPILER_GLOBAL_ACCENT_COLOR_NAME = AccentColor;
				CODE_SIGN_STYLE = Automatic;
				CURRENT_PROJECT_VERSION = 1;
				DEVELOPMENT_ASSET_PATHS = "\"ImageURL/Preview Content\"";
				DEVELOPMENT_TEAM = YHL6YP9PRW;
				ENABLE_PREVIEWS = YES;
				GENERATE_INFOPLIST_FILE = YES;
				INFOPLIST_KEY_UIApplicationSceneManifest_Generation = YES;
				INFOPLIST_KEY_UIApplicationSupportsIndirectInputEvents = YES;
				INFOPLIST_KEY_UILaunchScreen_Generation = YES;
				INFOPLIST_KEY_UISupportedInterfaceOrientations_iPad = "UIInterfaceOrientationPortrait UIInterfaceOrientationPortraitUpsideDown UIInterfaceOrientationLandscapeLeft UIInterfaceOrientationLandscapeRight";
				INFOPLIST_KEY_UISupportedInterfaceOrientations_iPhone = "UIInterfaceOrientationPortrait UIInterfaceOrientationLandscapeLeft UIInterfaceOrientationLandscapeRight";
				LD_RUNPATH_SEARCH_PATHS = (
					"$(inherited)",
					"@executable_path/Frameworks",
				);
				MARKETING_VERSION = 1.0;
				PRODUCT_BUNDLE_IDENTIFIER = com.fetch.takeaway.ImageURL;
				PRODUCT_NAME = "$(TARGET_NAME)";
				SWIFT_EMIT_LOC_STRINGS = YES;
				SWIFT_VERSION = 5.0;
				TARGETED_DEVICE_FAMILY = "1,2";
			};
			name = Release;
		};
		88C48A0E2BC1B84900A38542 /* Debug */ = {
			isa = XCBuildConfiguration;
			buildSettings = {
				ALWAYS_EMBED_SWIFT_STANDARD_LIBRARIES = YES;
				BUNDLE_LOADER = "$(TEST_HOST)";
				CODE_SIGN_STYLE = Automatic;
				CURRENT_PROJECT_VERSION = 1;
				DEVELOPMENT_TEAM = YHL6YP9PRW;
				GENERATE_INFOPLIST_FILE = YES;
				IPHONEOS_DEPLOYMENT_TARGET = 17.0;
				MARKETING_VERSION = 1.0;
				PRODUCT_BUNDLE_IDENTIFIER = com.fetch.takeaway.ImageURLTests;
				PRODUCT_NAME = "$(TARGET_NAME)";
				SWIFT_EMIT_LOC_STRINGS = NO;
				SWIFT_VERSION = 5.0;
				TARGETED_DEVICE_FAMILY = "1,2";
				TEST_HOST = "$(BUILT_PRODUCTS_DIR)/ImageURL.app/$(BUNDLE_EXECUTABLE_FOLDER_PATH)/ImageURL";
			};
			name = Debug;
		};
		88C48A0F2BC1B84900A38542 /* Release */ = {
			isa = XCBuildConfiguration;
			buildSettings = {
				ALWAYS_EMBED_SWIFT_STANDARD_LIBRARIES = YES;
				BUNDLE_LOADER = "$(TEST_HOST)";
				CODE_SIGN_STYLE = Automatic;
				CURRENT_PROJECT_VERSION = 1;
				DEVELOPMENT_TEAM = YHL6YP9PRW;
				GENERATE_INFOPLIST_FILE = YES;
				IPHONEOS_DEPLOYMENT_TARGET = 17.0;
				MARKETING_VERSION = 1.0;
				PRODUCT_BUNDLE_IDENTIFIER = com.fetch.takeaway.ImageURLTests;
				PRODUCT_NAME = "$(TARGET_NAME)";
				SWIFT_EMIT_LOC_STRINGS = NO;
				SWIFT_VERSION = 5.0;
				TARGETED_DEVICE_FAMILY = "1,2";
				TEST_HOST = "$(BUILT_PRODUCTS_DIR)/ImageURL.app/$(BUNDLE_EXECUTABLE_FOLDER_PATH)/ImageURL";
			};
			name = Release;
		};
		88C48A112BC1B84900A38542 /* Debug */ = {
			isa = XCBuildConfiguration;
			buildSettings = {
				ALWAYS_EMBED_SWIFT_STANDARD_LIBRARIES = YES;
				CODE_SIGN_STYLE = Automatic;
				CURRENT_PROJECT_VERSION = 1;
				DEVELOPMENT_TEAM = YHL6YP9PRW;
				GENERATE_INFOPLIST_FILE = YES;
				MARKETING_VERSION = 1.0;
				PRODUCT_BUNDLE_IDENTIFIER = com.fetch.takeaway.ImageURLUITests;
				PRODUCT_NAME = "$(TARGET_NAME)";
				SWIFT_EMIT_LOC_STRINGS = NO;
				SWIFT_VERSION = 5.0;
				TARGETED_DEVICE_FAMILY = "1,2";
				TEST_TARGET_NAME = ImageURL;
			};
			name = Debug;
		};
		88C48A122BC1B84900A38542 /* Release */ = {
			isa = XCBuildConfiguration;
			buildSettings = {
				ALWAYS_EMBED_SWIFT_STANDARD_LIBRARIES = YES;
				CODE_SIGN_STYLE = Automatic;
				CURRENT_PROJECT_VERSION = 1;
				DEVELOPMENT_TEAM = YHL6YP9PRW;
				GENERATE_INFOPLIST_FILE = YES;
				MARKETING_VERSION = 1.0;
				PRODUCT_BUNDLE_IDENTIFIER = com.fetch.takeaway.ImageURLUITests;
				PRODUCT_NAME = "$(TARGET_NAME)";
				SWIFT_EMIT_LOC_STRINGS = NO;
				SWIFT_VERSION = 5.0;
				TARGETED_DEVICE_FAMILY = "1,2";
				TEST_TARGET_NAME = ImageURL;
			};
			name = Release;
		};
/* End XCBuildConfiguration section */

/* Begin XCConfigurationList section */
		88C489E12BC1B84800A38542 /* Build configuration list for PBXProject "ImageURL" */ = {
			isa = XCConfigurationList;
			buildConfigurations = (
				88C48A082BC1B84900A38542 /* Debug */,
				88C48A092BC1B84900A38542 /* Release */,
			);
			defaultConfigurationIsVisible = 0;
			defaultConfigurationName = Release;
		};
		88C48A0A2BC1B84900A38542 /* Build configuration list for PBXNativeTarget "ImageURL" */ = {
			isa = XCConfigurationList;
			buildConfigurations = (
				88C48A0B2BC1B84900A38542 /* Debug */,
				88C48A0C2BC1B84900A38542 /* Release */,
			);
			defaultConfigurationIsVisible = 0;
			defaultConfigurationName = Release;
		};
		88C48A0D2BC1B84900A38542 /* Build configuration list for PBXNativeTarget "ImageURLTests" */ = {
			isa = XCConfigurationList;
			buildConfigurations = (
				88C48A0E2BC1B84900A38542 /* Debug */,
				88C48A0F2BC1B84900A38542 /* Release */,
			);
			defaultConfigurationIsVisible = 0;
			defaultConfigurationName = Release;
		};
		88C48A102BC1B84900A38542 /* Build configuration list for PBXNativeTarget "ImageURLUITests" */ = {
			isa = XCConfigurationList;
			buildConfigurations = (
				88C48A112BC1B84900A38542 /* Debug */,
				88C48A122BC1B84900A38542 /* Release */,
			);
			defaultConfigurationIsVisible = 0;
			defaultConfigurationName = Release;
		};
/* End XCConfigurationList section */
	};
	rootObject = 88C489DE2BC1B84800A38542 /* Project object */;
}
